
Microsoft Visual Studio Solution File, Format Version 12.00
# Visual Studio Version 16
VisualStudioVersion = 16.0.31005.135
MinimumVisualStudioVersion = 10.0.40219.1
Project("{FAE04EC0-301F-11D3-BF4B-00C04F79EFBC}") = "First", "First\First.csproj", "{B8608F9D-7115-4DCB-BDBF-A40DAE4AD8DD}"
EndProject
Project("{FAE04EC0-301F-11D3-BF4B-00C04F79EFBC}") = "CRUDUsingEFDBFirstApproach", "CRUDUsingEFDBFirstApproach\CRUDUsingEFDBFirstApproach.csproj", "{A0B42BE0-AF18-4881-AE7F-6D450D65EC67}"
EndProject
Global
	GlobalSection(SolutionConfigurationPlatforms) = preSolution
		Debug|Any CPU = Debug|Any CPU
		Release|Any CPU = Release|Any CPU
	EndGlobalSection
	GlobalSection(ProjectConfigurationPlatforms) = postSolution
		{B8608F9D-7115-4DCB-BDBF-A40DAE4AD8DD}.Debug|Any CPU.ActiveCfg = Debug|Any CPU
		{B8608F9D-7115-4DCB-BDBF-A40DAE4AD8DD}.Debug|Any CPU.Build.0 = Debug|Any CPU
		{B8608F9D-7115-4DCB-BDBF-A40DAE4AD8DD}.Release|Any CPU.ActiveCfg = Release|Any CPU
		{B8608F9D-7115-4DCB-BDBF-A40DAE4AD8DD}.Release|Any CPU.Build.0 = Release|Any CPU
		{A0B42BE0-AF18-4881-AE7F-6D450D65EC67}.Debug|Any CPU.ActiveCfg = Debug|Any CPU
		{A0B42BE0-AF18-4881-AE7F-6D450D65EC67}.Debug|Any CPU.Build.0 = Debug|Any CPU
		{A0B42BE0-AF18-4881-AE7F-6D450D65EC67}.Release|Any CPU.ActiveCfg = Release|Any CPU
		{A0B42BE0-AF18-4881-AE7F-6D450D65EC67}.Release|Any CPU.Build.0 = Release|Any CPU
	EndGlobalSection
	GlobalSection(SolutionProperties) = preSolution
		HideSolutionNode = FALSE
	EndGlobalSection
	GlobalSection(ExtensibilityGlobals) = postSolution
		SolutionGuid = {FFB415FD-D8C5-4E08-A91E-0639AA9B0C8C}
	EndGlobalSection
EndGlobal
